
Microsoft Visual Studio Solution File, Format Version 12.00
# Visual Studio Version 17
VisualStudioVersion = 17.14.36414.22 d17.14
MinimumVisualStudioVersion = 10.0.40219.1
Project("{FAE04EC0-301F-11D3-BF4B-00C04F79EFBC}") = "Application", "Application\Application.csproj", "{63D19B15-0770-4C93-8FD4-EEC597488F16}"
EndProject
Global
	GlobalSection(SolutionConfigurationPlatforms) = preSolution
		Debug|Any CPU = Debug|Any CPU
		Release|Any CPU = Release|Any CPU
	EndGlobalSection
	GlobalSection(ProjectConfigurationPlatforms) = postSolution
		{63D19B15-0770-4C93-8FD4-EEC597488F16}.Debug|Any CPU.ActiveCfg = Debug|Any CPU
		{63D19B15-0770-4C93-8FD4-EEC597488F16}.Debug|Any CPU.Build.0 = Debug|Any CPU
		{63D19B15-0770-4C93-8FD4-EEC597488F16}.Release|Any CPU.ActiveCfg = Release|Any CPU
		{63D19B15-0770-4C93-8FD4-EEC597488F16}.Release|Any CPU.Build.0 = Release|Any CPU
	EndGlobalSection
	GlobalSection(SolutionProperties) = preSolution
		HideSolutionNode = FALSE
	EndGlobalSection
	GlobalSection(ExtensibilityGlobals) = postSolution
		SolutionGuid = {B397ED0D-ECF8-4253-889A-5E6899B85D6F}
	EndGlobalSection
EndGlobal
